// !$*UTF8*$!
{
	archiveVersion = 1;
	classes = {
	};
	objectVersion = 60;
	objects = {

/* Begin PBXBuildFile section */
		893D9AEF2AF54E4600C1E69C /* AppDelegate.swift in Sources */ = {isa = PBXBuildFile; fileRef = 893D9AEE2AF54E4600C1E69C /* AppDelegate.swift */; };
		893D9AF12AF54E4600C1E69C /* SceneDelegate.swift in Sources */ = {isa = PBXBuildFile; fileRef = 893D9AF02AF54E4600C1E69C /* SceneDelegate.swift */; };
		893D9AF32AF54E4600C1E69C /* ViewController.swift in Sources */ = {isa = PBXBuildFile; fileRef = 893D9AF22AF54E4600C1E69C /* ViewController.swift */; };
		893D9AF82AF54E4800C1E69C /* Assets.xcassets in Resources */ = {isa = PBXBuildFile; fileRef = 893D9AF72AF54E4800C1E69C /* Assets.xcassets */; };
		893D9AFB2AF54E4800C1E69C /* LaunchScreen.storyboard in Resources */ = {isa = PBXBuildFile; fileRef = 893D9AF92AF54E4800C1E69C /* LaunchScreen.storyboard */; };
		893D9B142AF5540C00C1E69C /* Core in Frameworks */ = {isa = PBXBuildFile; productRef = 893D9B132AF5540C00C1E69C /* Core */; };
		893D9B1C2AF5642800C1E69C /* AppDelegate.swift in Sources */ = {isa = PBXBuildFile; fileRef = 893D9B1B2AF5642800C1E69C /* AppDelegate.swift */; };
		893D9B1E2AF5642800C1E69C /* ViewController.swift in Sources */ = {isa = PBXBuildFile; fileRef = 893D9B1D2AF5642800C1E69C /* ViewController.swift */; };
		893D9B202AF5642B00C1E69C /* Assets.xcassets in Resources */ = {isa = PBXBuildFile; fileRef = 893D9B1F2AF5642B00C1E69C /* Assets.xcassets */; };
		893D9B232AF5642B00C1E69C /* Main.storyboard in Resources */ = {isa = PBXBuildFile; fileRef = 893D9B212AF5642B00C1E69C /* Main.storyboard */; };
		893D9B2A2AF5643300C1E69C /* Core in Frameworks */ = {isa = PBXBuildFile; productRef = 893D9B292AF5643300C1E69C /* Core */; };
/* End PBXBuildFile section */

/* Begin PBXFileReference section */
		893D9AEB2AF54E4600C1E69C /* ExampleIOS.app */ = {isa = PBXFileReference; explicitFileType = wrapper.application; includeInIndex = 0; path = ExampleIOS.app; sourceTree = BUILT_PRODUCTS_DIR; };
		893D9AEE2AF54E4600C1E69C /* AppDelegate.swift */ = {isa = PBXFileReference; lastKnownFileType = sourcecode.swift; path = AppDelegate.swift; sourceTree = "<group>"; };
		893D9AF02AF54E4600C1E69C /* SceneDelegate.swift */ = {isa = PBXFileReference; lastKnownFileType = sourcecode.swift; path = SceneDelegate.swift; sourceTree = "<group>"; };
		893D9AF22AF54E4600C1E69C /* ViewController.swift */ = {isa = PBXFileReference; lastKnownFileType = sourcecode.swift; path = ViewController.swift; sourceTree = "<group>"; };
		893D9AF72AF54E4800C1E69C /* Assets.xcassets */ = {isa = PBXFileReference; lastKnownFileType = folder.assetcatalog; path = Assets.xcassets; sourceTree = "<group>"; };
		893D9AFA2AF54E4800C1E69C /* Base */ = {isa = PBXFileReference; lastKnownFileType = file.storyboard; name = Base; path = Base.lproj/LaunchScreen.storyboard; sourceTree = "<group>"; };
		893D9AFC2AF54E4800C1E69C /* Info.plist */ = {isa = PBXFileReference; lastKnownFileType = text.plist.xml; path = Info.plist; sourceTree = "<group>"; };
		893D9B192AF5642800C1E69C /* ExampleMacOS.app */ = {isa = PBXFileReference; explicitFileType = wrapper.application; includeInIndex = 0; path = ExampleMacOS.app; sourceTree = BUILT_PRODUCTS_DIR; };
		893D9B1B2AF5642800C1E69C /* AppDelegate.swift */ = {isa = PBXFileReference; lastKnownFileType = sourcecode.swift; path = AppDelegate.swift; sourceTree = "<group>"; };
		893D9B1D2AF5642800C1E69C /* ViewController.swift */ = {isa = PBXFileReference; lastKnownFileType = sourcecode.swift; path = ViewController.swift; sourceTree = "<group>"; };
		893D9B1F2AF5642B00C1E69C /* Assets.xcassets */ = {isa = PBXFileReference; lastKnownFileType = folder.assetcatalog; path = Assets.xcassets; sourceTree = "<group>"; };
		893D9B222AF5642B00C1E69C /* Base */ = {isa = PBXFileReference; lastKnownFileType = file.storyboard; name = Base; path = Base.lproj/Main.storyboard; sourceTree = "<group>"; };
		893D9B242AF5642B00C1E69C /* ExampleMacOS.entitlements */ = {isa = PBXFileReference; lastKnownFileType = text.plist.entitlements; path = ExampleMacOS.entitlements; sourceTree = "<group>"; };
/* End PBXFileReference section */

/* Begin PBXFrameworksBuildPhase section */
		893D9AE82AF54E4600C1E69C /* Frameworks */ = {
			isa = PBXFrameworksBuildPhase;
			buildActionMask = 2147483647;
			files = (
				893D9B142AF5540C00C1E69C /* Core in Frameworks */,
			);
			runOnlyForDeploymentPostprocessing = 0;
		};
		893D9B162AF5642800C1E69C /* Frameworks */ = {
			isa = PBXFrameworksBuildPhase;
			buildActionMask = 2147483647;
			files = (
				893D9B2A2AF5643300C1E69C /* Core in Frameworks */,
			);
			runOnlyForDeploymentPostprocessing = 0;
		};
/* End PBXFrameworksBuildPhase section */

/* Begin PBXGroup section */
		893D9AE22AF54E4600C1E69C = {
			isa = PBXGroup;
			children = (
				893D9AED2AF54E4600C1E69C /* ExampleIOS */,
				893D9B1A2AF5642800C1E69C /* ExampleMacOS */,
				893D9AEC2AF54E4600C1E69C /* Products */,
				893D9B282AF5643300C1E69C /* Frameworks */,
			);
			sourceTree = "<group>";
		};
		893D9AEC2AF54E4600C1E69C /* Products */ = {
			isa = PBXGroup;
			children = (
				893D9AEB2AF54E4600C1E69C /* ExampleIOS.app */,
				893D9B192AF5642800C1E69C /* ExampleMacOS.app */,
			);
			name = Products;
			sourceTree = "<group>";
		};
		893D9AED2AF54E4600C1E69C /* ExampleIOS */ = {
			isa = PBXGroup;
			children = (
				893D9AEE2AF54E4600C1E69C /* AppDelegate.swift */,
				893D9AF02AF54E4600C1E69C /* SceneDelegate.swift */,
				893D9AF22AF54E4600C1E69C /* ViewController.swift */,
				893D9AF72AF54E4800C1E69C /* Assets.xcassets */,
				893D9AF92AF54E4800C1E69C /* LaunchScreen.storyboard */,
				893D9AFC2AF54E4800C1E69C /* Info.plist */,
			);
			path = ExampleIOS;
			sourceTree = "<group>";
		};
		893D9B1A2AF5642800C1E69C /* ExampleMacOS */ = {
			isa = PBXGroup;
			children = (
				893D9B1B2AF5642800C1E69C /* AppDelegate.swift */,
				893D9B1D2AF5642800C1E69C /* ViewController.swift */,
				893D9B1F2AF5642B00C1E69C /* Assets.xcassets */,
				893D9B212AF5642B00C1E69C /* Main.storyboard */,
				893D9B242AF5642B00C1E69C /* ExampleMacOS.entitlements */,
			);
			path = ExampleMacOS;
			sourceTree = "<group>";
		};
		893D9B282AF5643300C1E69C /* Frameworks */ = {
			isa = PBXGroup;
			children = (
			);
			name = Frameworks;
			sourceTree = "<group>";
		};
/* End PBXGroup section */

/* Begin PBXNativeTarget section */
		893D9AEA2AF54E4600C1E69C /* ExampleIOS */ = {
			isa = PBXNativeTarget;
			buildConfigurationList = 893D9AFF2AF54E4800C1E69C /* Build configuration list for PBXNativeTarget "ExampleIOS" */;
			buildPhases = (
				893D9AE72AF54E4600C1E69C /* Sources */,
				893D9AE82AF54E4600C1E69C /* Frameworks */,
				893D9AE92AF54E4600C1E69C /* Resources */,
			);
			buildRules = (
			);
			dependencies = (
			);
			name = ExampleIOS;
			packageProductDependencies = (
				893D9B132AF5540C00C1E69C /* Core */,
			);
			productName = Example;
			productReference = 893D9AEB2AF54E4600C1E69C /* ExampleIOS.app */;
			productType = "com.apple.product-type.application";
		};
		893D9B182AF5642800C1E69C /* ExampleMacOS */ = {
			isa = PBXNativeTarget;
			buildConfigurationList = 893D9B272AF5642B00C1E69C /* Build configuration list for PBXNativeTarget "ExampleMacOS" */;
			buildPhases = (
				893D9B152AF5642800C1E69C /* Sources */,
				893D9B162AF5642800C1E69C /* Frameworks */,
				893D9B172AF5642800C1E69C /* Resources */,
			);
			buildRules = (
			);
			dependencies = (
			);
			name = ExampleMacOS;
			packageProductDependencies = (
				893D9B292AF5643300C1E69C /* Core */,
			);
			productName = ExampleMacOS;
			productReference = 893D9B192AF5642800C1E69C /* ExampleMacOS.app */;
			productType = "com.apple.product-type.application";
		};
/* End PBXNativeTarget section */

/* Begin PBXProject section */
		893D9AE32AF54E4600C1E69C /* Project object */ = {
			isa = PBXProject;
			attributes = {
				BuildIndependentTargetsInParallel = 1;
				LastSwiftUpdateCheck = 1500;
				LastUpgradeCheck = 1500;
				TargetAttributes = {
					893D9AEA2AF54E4600C1E69C = {
						CreatedOnToolsVersion = 15.0.1;
					};
					893D9B182AF5642800C1E69C = {
						CreatedOnToolsVersion = 15.0.1;
					};
				};
			};
			buildConfigurationList = 893D9AE62AF54E4600C1E69C /* Build configuration list for PBXProject "Example" */;
			compatibilityVersion = "Xcode 14.0";
			developmentRegion = en;
			hasScannedForEncodings = 0;
			knownRegions = (
				en,
				Base,
			);
			mainGroup = 893D9AE22AF54E4600C1E69C;
			packageReferences = (
				893D9B122AF5540C00C1E69C /* XCLocalSwiftPackageReference "Core" */,
			);
			productRefGroup = 893D9AEC2AF54E4600C1E69C /* Products */;
			projectDirPath = "";
			projectRoot = "";
			targets = (
				893D9AEA2AF54E4600C1E69C /* ExampleIOS */,
				893D9B182AF5642800C1E69C /* ExampleMacOS */,
			);
		};
/* End PBXProject section */

/* Begin PBXResourcesBuildPhase section */
		893D9AE92AF54E4600C1E69C /* Resources */ = {
			isa = PBXResourcesBuildPhase;
			buildActionMask = 2147483647;
			files = (
				893D9AFB2AF54E4800C1E69C /* LaunchScreen.storyboard in Resources */,
				893D9AF82AF54E4800C1E69C /* Assets.xcassets in Resources */,
			);
			runOnlyForDeploymentPostprocessing = 0;
		};
		893D9B172AF5642800C1E69C /* Resources */ = {
			isa = PBXResourcesBuildPhase;
			buildActionMask = 2147483647;
			files = (
				893D9B202AF5642B00C1E69C /* Assets.xcassets in Resources */,
				893D9B232AF5642B00C1E69C /* Main.storyboard in Resources */,
			);
			runOnlyForDeploymentPostprocessing = 0;
		};
/* End PBXResourcesBuildPhase section */

/* Begin PBXSourcesBuildPhase section */
		893D9AE72AF54E4600C1E69C /* Sources */ = {
			isa = PBXSourcesBuildPhase;
			buildActionMask = 2147483647;
			files = (
				893D9AF32AF54E4600C1E69C /* ViewController.swift in Sources */,
				893D9AEF2AF54E4600C1E69C /* AppDelegate.swift in Sources */,
				893D9AF12AF54E4600C1E69C /* SceneDelegate.swift in Sources */,
			);
			runOnlyForDeploymentPostprocessing = 0;
		};
		893D9B152AF5642800C1E69C /* Sources */ = {
			isa = PBXSourcesBuildPhase;
			buildActionMask = 2147483647;
			files = (
				893D9B1E2AF5642800C1E69C /* ViewController.swift in Sources */,
				893D9B1C2AF5642800C1E69C /* AppDelegate.swift in Sources */,
			);
			runOnlyForDeploymentPostprocessing = 0;
		};
/* End PBXSourcesBuildPhase section */

/* Begin PBXVariantGroup section */
		893D9AF92AF54E4800C1E69C /* LaunchScreen.storyboard */ = {
			isa = PBXVariantGroup;
			children = (
				893D9AFA2AF54E4800C1E69C /* Base */,
			);
			name = LaunchScreen.storyboard;
			sourceTree = "<group>";
		};
		893D9B212AF5642B00C1E69C /* Main.storyboard */ = {
			isa = PBXVariantGroup;
			children = (
				893D9B222AF5642B00C1E69C /* Base */,
			);
			name = Main.storyboard;
			sourceTree = "<group>";
		};
/* End PBXVariantGroup section */

/* Begin XCBuildConfiguration section */
		893D9AFD2AF54E4800C1E69C /* Debug */ = {
			isa = XCBuildConfiguration;
			buildSettings = {
				ALWAYS_SEARCH_USER_PATHS = NO;
				ASSETCATALOG_COMPILER_GENERATE_SWIFT_ASSET_SYMBOL_EXTENSIONS = YES;
				CLANG_ANALYZER_NONNULL = YES;
				CLANG_ANALYZER_NUMBER_OBJECT_CONVERSION = YES_AGGRESSIVE;
				CLANG_CXX_LANGUAGE_STANDARD = "gnu++20";
				CLANG_ENABLE_MODULES = YES;
				CLANG_ENABLE_OBJC_ARC = YES;
				CLANG_ENABLE_OBJC_WEAK = YES;
				CLANG_WARN_BLOCK_CAPTURE_AUTORELEASING = YES;
				CLANG_WARN_BOOL_CONVERSION = YES;
				CLANG_WARN_COMMA = YES;
				CLANG_WARN_CONSTANT_CONVERSION = YES;
				CLANG_WARN_DEPRECATED_OBJC_IMPLEMENTATIONS = YES;
				CLANG_WARN_DIRECT_OBJC_ISA_USAGE = YES_ERROR;
				CLANG_WARN_DOCUMENTATION_COMMENTS = YES;
				CLANG_WARN_EMPTY_BODY = YES;
				CLANG_WARN_ENUM_CONVERSION = YES;
				CLANG_WARN_INFINITE_RECURSION = YES;
				CLANG_WARN_INT_CONVERSION = YES;
				CLANG_WARN_NON_LITERAL_NULL_CONVERSION = YES;
				CLANG_WARN_OBJC_IMPLICIT_RETAIN_SELF = YES;
				CLANG_WARN_OBJC_LITERAL_CONVERSION = YES;
				CLANG_WARN_OBJC_ROOT_CLASS = YES_ERROR;
				CLANG_WARN_QUOTED_INCLUDE_IN_FRAMEWORK_HEADER = YES;
				CLANG_WARN_RANGE_LOOP_ANALYSIS = YES;
				CLANG_WARN_STRICT_PROTOTYPES = YES;
				CLANG_WARN_SUSPICIOUS_MOVE = YES;
				CLANG_WARN_UNGUARDED_AVAILABILITY = YES_AGGRESSIVE;
				CLANG_WARN_UNREACHABLE_CODE = YES;
				CLANG_WARN__DUPLICATE_METHOD_MATCH = YES;
				COPY_PHASE_STRIP = NO;
				DEBUG_INFORMATION_FORMAT = dwarf;
				ENABLE_STRICT_OBJC_MSGSEND = YES;
				ENABLE_TESTABILITY = YES;
				ENABLE_USER_SCRIPT_SANDBOXING = YES;
				GCC_C_LANGUAGE_STANDARD = gnu17;
				GCC_DYNAMIC_NO_PIC = NO;
				GCC_NO_COMMON_BLOCKS = YES;
				GCC_OPTIMIZATION_LEVEL = 0;
				GCC_PREPROCESSOR_DEFINITIONS = (
					"DEBUG=1",
					"$(inherited)",
				);
				GCC_WARN_64_TO_32_BIT_CONVERSION = YES;
				GCC_WARN_ABOUT_RETURN_TYPE = YES_ERROR;
				GCC_WARN_UNDECLARED_SELECTOR = YES;
				GCC_WARN_UNINITIALIZED_AUTOS = YES_AGGRESSIVE;
				GCC_WARN_UNUSED_FUNCTION = YES;
				GCC_WARN_UNUSED_VARIABLE = YES;
				IPHONEOS_DEPLOYMENT_TARGET = 15.0;
				LOCALIZATION_PREFERS_STRING_CATALOGS = YES;
				MACOSX_DEPLOYMENT_TARGET = 12.0;
				MTL_ENABLE_DEBUG_INFO = INCLUDE_SOURCE;
				MTL_FAST_MATH = YES;
				ONLY_ACTIVE_ARCH = YES;
				SDKROOT = iphoneos;
				SWIFT_ACTIVE_COMPILATION_CONDITIONS = "DEBUG $(inherited)";
				SWIFT_OPTIMIZATION_LEVEL = "-Onone";
			};
			name = Debug;
		};
		893D9AFE2AF54E4800C1E69C /* Release */ = {
			isa = XCBuildConfiguration;
			buildSettings = {
				ALWAYS_SEARCH_USER_PATHS = NO;
				ASSETCATALOG_COMPILER_GENERATE_SWIFT_ASSET_SYMBOL_EXTENSIONS = YES;
				CLANG_ANALYZER_NONNULL = YES;
				CLANG_ANALYZER_NUMBER_OBJECT_CONVERSION = YES_AGGRESSIVE;
				CLANG_CXX_LANGUAGE_STANDARD = "gnu++20";
				CLANG_ENABLE_MODULES = YES;
				CLANG_ENABLE_OBJC_ARC = YES;
				CLANG_ENABLE_OBJC_WEAK = YES;
				CLANG_WARN_BLOCK_CAPTURE_AUTORELEASING = YES;
				CLANG_WARN_BOOL_CONVERSION = YES;
				CLANG_WARN_COMMA = YES;
				CLANG_WARN_CONSTANT_CONVERSION = YES;
				CLANG_WARN_DEPRECATED_OBJC_IMPLEMENTATIONS = YES;
				CLANG_WARN_DIRECT_OBJC_ISA_USAGE = YES_ERROR;
				CLANG_WARN_DOCUMENTATION_COMMENTS = YES;
				CLANG_WARN_EMPTY_BODY = YES;
				CLANG_WARN_ENUM_CONVERSION = YES;
				CLANG_WARN_INFINITE_RECURSION = YES;
				CLANG_WARN_INT_CONVERSION = YES;
				CLANG_WARN_NON_LITERAL_NULL_CONVERSION = YES;
				CLANG_WARN_OBJC_IMPLICIT_RETAIN_SELF = YES;
				CLANG_WARN_OBJC_LITERAL_CONVERSION = YES;
				CLANG_WARN_OBJC_ROOT_CLASS = YES_ERROR;
				CLANG_WARN_QUOTED_INCLUDE_IN_FRAMEWORK_HEADER = YES;
				CLANG_WARN_RANGE_LOOP_ANALYSIS = YES;
				CLANG_WARN_STRICT_PROTOTYPES = YES;
				CLANG_WARN_SUSPICIOUS_MOVE = YES;
				CLANG_WARN_UNGUARDED_AVAILABILITY = YES_AGGRESSIVE;
				CLANG_WARN_UNREACHABLE_CODE = YES;
				CLANG_WARN__DUPLICATE_METHOD_MATCH = YES;
				COPY_PHASE_STRIP = NO;
				DEBUG_INFORMATION_FORMAT = "dwarf-with-dsym";
				ENABLE_NS_ASSERTIONS = NO;
				ENABLE_STRICT_OBJC_MSGSEND = YES;
				ENABLE_USER_SCRIPT_SANDBOXING = YES;
				GCC_C_LANGUAGE_STANDARD = gnu17;
				GCC_NO_COMMON_BLOCKS = YES;
				GCC_WARN_64_TO_32_BIT_CONVERSION = YES;
				GCC_WARN_ABOUT_RETURN_TYPE = YES_ERROR;
				GCC_WARN_UNDECLARED_SELECTOR = YES;
				GCC_WARN_UNINITIALIZED_AUTOS = YES_AGGRESSIVE;
				GCC_WARN_UNUSED_FUNCTION = YES;
				GCC_WARN_UNUSED_VARIABLE = YES;
				IPHONEOS_DEPLOYMENT_TARGET = 15.0;
				LOCALIZATION_PREFERS_STRING_CATALOGS = YES;
				MACOSX_DEPLOYMENT_TARGET = 12.0;
				MTL_ENABLE_DEBUG_INFO = NO;
				MTL_FAST_MATH = YES;
				SDKROOT = iphoneos;
				SWIFT_COMPILATION_MODE = wholemodule;
				VALIDATE_PRODUCT = YES;
			};
			name = Release;
		};
		893D9B002AF54E4800C1E69C /* Debug */ = {
			isa = XCBuildConfiguration;
			buildSettings = {
				ASSETCATALOG_COMPILER_APPICON_NAME = AppIcon;
				ASSETCATALOG_COMPILER_GLOBAL_ACCENT_COLOR_NAME = AccentColor;
				CODE_SIGN_STYLE = Automatic;
				CURRENT_PROJECT_VERSION = 1;
				GENERATE_INFOPLIST_FILE = YES;
				INFOPLIST_FILE = ExampleIOS/Info.plist;
				INFOPLIST_KEY_UIApplicationSupportsIndirectInputEvents = YES;
				INFOPLIST_KEY_UILaunchStoryboardName = LaunchScreen;
				INFOPLIST_KEY_UISupportedInterfaceOrientations_iPad = "UIInterfaceOrientationPortrait UIInterfaceOrientationPortraitUpsideDown UIInterfaceOrientationLandscapeLeft UIInterfaceOrientationLandscapeRight";
				INFOPLIST_KEY_UISupportedInterfaceOrientations_iPhone = "UIInterfaceOrientationPortrait UIInterfaceOrientationLandscapeLeft UIInterfaceOrientationLandscapeRight";
				LD_RUNPATH_SEARCH_PATHS = (
					"$(inherited)",
					"@executable_path/Frameworks",
				);
				MARKETING_VERSION = 1.0;
				PRODUCT_BUNDLE_IDENTIFIER = de.je.ExampleIOS;
				PRODUCT_NAME = "$(TARGET_NAME)";
				SWIFT_EMIT_LOC_STRINGS = YES;
				SWIFT_VERSION = 5.0;
				TARGETED_DEVICE_FAMILY = "1,2";
			};
			name = Debug;
		};
		893D9B012AF54E4800C1E69C /* Release */ = {
			isa = XCBuildConfiguration;
			buildSettings = {
				ASSETCATALOG_COMPILER_APPICON_NAME = AppIcon;
				ASSETCATALOG_COMPILER_GLOBAL_ACCENT_COLOR_NAME = AccentColor;
				CODE_SIGN_STYLE = Automatic;
				CURRENT_PROJECT_VERSION = 1;
				GENERATE_INFOPLIST_FILE = YES;
				INFOPLIST_FILE = ExampleIOS/Info.plist;
				INFOPLIST_KEY_UIApplicationSupportsIndirectInputEvents = YES;
				INFOPLIST_KEY_UILaunchStoryboardName = LaunchScreen;
				INFOPLIST_KEY_UISupportedInterfaceOrientations_iPad = "UIInterfaceOrientationPortrait UIInterfaceOrientationPortraitUpsideDown UIInterfaceOrientationLandscapeLeft UIInterfaceOrientationLandscapeRight";
				INFOPLIST_KEY_UISupportedInterfaceOrientations_iPhone = "UIInterfaceOrientationPortrait UIInterfaceOrientationLandscapeLeft UIInterfaceOrientationLandscapeRight";
				LD_RUNPATH_SEARCH_PATHS = (
					"$(inherited)",
					"@executable_path/Frameworks",
				);
				MARKETING_VERSION = 1.0;
				PRODUCT_BUNDLE_IDENTIFIER = de.je.ExampleIOS;
				PRODUCT_NAME = "$(TARGET_NAME)";
				SWIFT_EMIT_LOC_STRINGS = YES;
				SWIFT_VERSION = 5.0;
				TARGETED_DEVICE_FAMILY = "1,2";
			};
			name = Release;
		};
		893D9B252AF5642B00C1E69C /* Debug */ = {
			isa = XCBuildConfiguration;
			buildSettings = {
				ASSETCATALOG_COMPILER_APPICON_NAME = AppIcon;
				ASSETCATALOG_COMPILER_GLOBAL_ACCENT_COLOR_NAME = AccentColor;
				CODE_SIGN_ENTITLEMENTS = ExampleMacOS/ExampleMacOS.entitlements;
				CODE_SIGN_STYLE = Automatic;
				COMBINE_HIDPI_IMAGES = YES;
				CURRENT_PROJECT_VERSION = 1;
				GENERATE_INFOPLIST_FILE = YES;
				INFOPLIST_KEY_NSHumanReadableCopyright = "";
				INFOPLIST_KEY_NSMainStoryboardFile = Main;
				INFOPLIST_KEY_NSPrincipalClass = NSApplication;
				LD_RUNPATH_SEARCH_PATHS = (
					"$(inherited)",
					"@executable_path/../Frameworks",
				);
				MACOSX_DEPLOYMENT_TARGET = 13.6;
				MARKETING_VERSION = 1.0;
				PRODUCT_BUNDLE_IDENTIFIER = de.je.ExampleMacOS;
				PRODUCT_NAME = "$(TARGET_NAME)";
				SDKROOT = macosx;
				SWIFT_EMIT_LOC_STRINGS = YES;
				SWIFT_VERSION = 5.0;
			};
			name = Debug;
		};
		893D9B262AF5642B00C1E69C /* Release */ = {
			isa = XCBuildConfiguration;
			buildSettings = {
				ASSETCATALOG_COMPILER_APPICON_NAME = AppIcon;
				ASSETCATALOG_COMPILER_GLOBAL_ACCENT_COLOR_NAME = AccentColor;
				CODE_SIGN_ENTITLEMENTS = ExampleMacOS/ExampleMacOS.entitlements;
				CODE_SIGN_STYLE = Automatic;
				COMBINE_HIDPI_IMAGES = YES;
				CURRENT_PROJECT_VERSION = 1;
				GENERATE_INFOPLIST_FILE = YES;
				INFOPLIST_KEY_NSHumanReadableCopyright = "";
				INFOPLIST_KEY_NSMainStoryboardFile = Main;
				INFOPLIST_KEY_NSPrincipalClass = NSApplication;
				LD_RUNPATH_SEARCH_PATHS = (
					"$(inherited)",
					"@executable_path/../Frameworks",
				);
				MACOSX_DEPLOYMENT_TARGET = 13.6;
				MARKETING_VERSION = 1.0;
				PRODUCT_BUNDLE_IDENTIFIER = de.je.ExampleMacOS;
				PRODUCT_NAME = "$(TARGET_NAME)";
				SDKROOT = macosx;
				SWIFT_EMIT_LOC_STRINGS = YES;
				SWIFT_VERSION = 5.0;
			};
			name = Release;
		};
/* End XCBuildConfiguration section */

/* Begin XCConfigurationList section */
		893D9AE62AF54E4600C1E69C /* Build configuration list for PBXProject "Example" */ = {
			isa = XCConfigurationList;
			buildConfigurations = (
				893D9AFD2AF54E4800C1E69C /* Debug */,
				893D9AFE2AF54E4800C1E69C /* Release */,
			);
			defaultConfigurationIsVisible = 0;
			defaultConfigurationName = Release;
		};
		893D9AFF2AF54E4800C1E69C /* Build configuration list for PBXNativeTarget "ExampleIOS" */ = {
			isa = XCConfigurationList;
			buildConfigurations = (
				893D9B002AF54E4800C1E69C /* Debug */,
				893D9B012AF54E4800C1E69C /* Release */,
			);
			defaultConfigurationIsVisible = 0;
			defaultConfigurationName = Release;
		};
		893D9B272AF5642B00C1E69C /* Build configuration list for PBXNativeTarget "ExampleMacOS" */ = {
			isa = XCConfigurationList;
			buildConfigurations = (
				893D9B252AF5642B00C1E69C /* Debug */,
				893D9B262AF5642B00C1E69C /* Release */,
			);
			defaultConfigurationIsVisible = 0;
			defaultConfigurationName = Release;
		};
/* End XCConfigurationList section */

/* Begin XCLocalSwiftPackageReference section */
		893D9B122AF5540C00C1E69C /* XCLocalSwiftPackageReference "Core" */ = {
			isa = XCLocalSwiftPackageReference;
			relativePath = Core;
		};
/* End XCLocalSwiftPackageReference section */

/* Begin XCSwiftPackageProductDependency section */
		893D9B132AF5540C00C1E69C /* Core */ = {
			isa = XCSwiftPackageProductDependency;
			productName = Core;
		};
		893D9B292AF5643300C1E69C /* Core */ = {
			isa = XCSwiftPackageProductDependency;
			package = 893D9B122AF5540C00C1E69C /* XCLocalSwiftPackageReference "Core" */;
			productName = Core;
		};
/* End XCSwiftPackageProductDependency section */
	};
	rootObject = 893D9AE32AF54E4600C1E69C /* Project object */;
}
